
Microsoft Visual Studio Solution File, Format Version 12.00
# Visual Studio Version 17
VisualStudioVersion = 17.13.35507.96 d17.13
MinimumVisualStudioVersion = 10.0.40219.1
Project("{FAE04EC0-301F-11D3-BF4B-00C04F79EFBC}") = "Session01", "Session01\Session01.csproj", "{AB3072AD-DDCD-4EE5-A8D2-0C7DCEBDEA90}"
EndProject
Global
	GlobalSection(SolutionConfigurationPlatforms) = preSolution
		Debug|Any CPU = Debug|Any CPU
		Release|Any CPU = Release|Any CPU
	EndGlobalSection
	GlobalSection(ProjectConfigurationPlatforms) = postSolution
		{AB3072AD-DDCD-4EE5-A8D2-0C7DCEBDEA90}.Debug|Any CPU.ActiveCfg = Debug|Any CPU
		{AB3072AD-DDCD-4EE5-A8D2-0C7DCEBDEA90}.Debug|Any CPU.Build.0 = Debug|Any CPU
		{AB3072AD-DDCD-4EE5-A8D2-0C7DCEBDEA90}.Release|Any CPU.ActiveCfg = Release|Any CPU
		{AB3072AD-DDCD-4EE5-A8D2-0C7DCEBDEA90}.Release|Any CPU.Build.0 = Release|Any CPU
	EndGlobalSection
	GlobalSection(SolutionProperties) = preSolution
		HideSolutionNode = FALSE
	EndGlobalSection
	GlobalSection(ExtensibilityGlobals) = postSolution
		SolutionGuid = {703EEAD5-A125-4C54-9739-140DBDD882F4}
	EndGlobalSection
EndGlobal
